
Microsoft Visual Studio Solution File, Format Version 12.00
# Visual Studio Version 17
VisualStudioVersion = 17.8.34330.188
MinimumVisualStudioVersion = 10.0.40219.1
Project("{9A19103F-16F7-4668-BE54-9A1E7A4F7556}") = "Exercice01", "Exercice01\Exercice01.csproj", "{1CB3FB03-BB5A-47EC-9F20-9FB238D8E2E2}"
EndProject
Project("{2150E333-8FDC-42A3-9474-1A3956D46DE8}") = "Exercices", "Exercices", "{3DCEA84B-702E-445C-A5EA-E67577DD6F3A}"
EndProject
Project("{9A19103F-16F7-4668-BE54-9A1E7A4F7556}") = "Exercice02", "Exercice02\Exercice02.csproj", "{7F4DB2B1-87CA-42C7-BD3B-A70A5BF181C1}"
EndProject
Project("{9A19103F-16F7-4668-BE54-9A1E7A4F7556}") = "Exercice03", "Exercice03\Exercice03.csproj", "{4F565558-2D97-4B3F-B11B-0A91FB37B6CB}"
EndProject
Project("{9A19103F-16F7-4668-BE54-9A1E7A4F7556}") = "Exercice04", "Exercice04\Exercice04.csproj", "{F6948D0F-8195-4E2B-948D-F11D8774591E}"
EndProject
Project("{9A19103F-16F7-4668-BE54-9A1E7A4F7556}") = "Exercice05", "Exercice05\Exercice05.csproj", "{B491928F-0E85-40DC-A242-B7FABF2D7313}"
EndProject
Project("{FAE04EC0-301F-11D3-BF4B-00C04F79EFBC}") = "Exercice06", "Exercice06\Exercice06.csproj", "{4F62D1C5-F7E6-4A04-AAF1-B1304325F7F6}"
EndProject
Project("{FAE04EC0-301F-11D3-BF4B-00C04F79EFBC}") = "Exercice07", "Exercice07\Exercice07.csproj", "{2E5AD52D-5176-4822-8D27-1E83DE504C6C}"
EndProject
Project("{FAE04EC0-301F-11D3-BF4B-00C04F79EFBC}") = "Exercice08", "Exercice08\Exercice08.csproj", "{29CBDBD1-45B9-4BB2-B47B-D63536FB959E}"
EndProject
Project("{FAE04EC0-301F-11D3-BF4B-00C04F79EFBC}") = "Exercice09", "Exercice09\Exercice09.csproj", "{CFA6354F-8851-49E4-AB3C-7A04467C3682}"
EndProject
Project("{FAE04EC0-301F-11D3-BF4B-00C04F79EFBC}") = "Exercice10", "Exercice10\Exercice10.csproj", "{B200AD42-F897-41D1-8F16-D4C9ED2F537B}"
EndProject
Project("{FAE04EC0-301F-11D3-BF4B-00C04F79EFBC}") = "Exercice11", "Exercice11\Exercice11.csproj", "{98E3B55B-4442-4BA8-A831-62F563B8134F}"
EndProject
Global
	GlobalSection(SolutionConfigurationPlatforms) = preSolution
		Debug|Any CPU = Debug|Any CPU
		Release|Any CPU = Release|Any CPU
	EndGlobalSection
	GlobalSection(ProjectConfigurationPlatforms) = postSolution
		{1CB3FB03-BB5A-47EC-9F20-9FB238D8E2E2}.Debug|Any CPU.ActiveCfg = Debug|Any CPU
		{1CB3FB03-BB5A-47EC-9F20-9FB238D8E2E2}.Debug|Any CPU.Build.0 = Debug|Any CPU
		{1CB3FB03-BB5A-47EC-9F20-9FB238D8E2E2}.Release|Any CPU.ActiveCfg = Release|Any CPU
		{1CB3FB03-BB5A-47EC-9F20-9FB238D8E2E2}.Release|Any CPU.Build.0 = Release|Any CPU
		{7F4DB2B1-87CA-42C7-BD3B-A70A5BF181C1}.Debug|Any CPU.ActiveCfg = Debug|Any CPU
		{7F4DB2B1-87CA-42C7-BD3B-A70A5BF181C1}.Debug|Any CPU.Build.0 = Debug|Any CPU
		{7F4DB2B1-87CA-42C7-BD3B-A70A5BF181C1}.Release|Any CPU.ActiveCfg = Release|Any CPU
		{7F4DB2B1-87CA-42C7-BD3B-A70A5BF181C1}.Release|Any CPU.Build.0 = Release|Any CPU
		{4F565558-2D97-4B3F-B11B-0A91FB37B6CB}.Debug|Any CPU.ActiveCfg = Debug|Any CPU
		{4F565558-2D97-4B3F-B11B-0A91FB37B6CB}.Debug|Any CPU.Build.0 = Debug|Any CPU
		{4F565558-2D97-4B3F-B11B-0A91FB37B6CB}.Release|Any CPU.ActiveCfg = Release|Any CPU
		{4F565558-2D97-4B3F-B11B-0A91FB37B6CB}.Release|Any CPU.Build.0 = Release|Any CPU
		{F6948D0F-8195-4E2B-948D-F11D8774591E}.Debug|Any CPU.ActiveCfg = Debug|Any CPU
		{F6948D0F-8195-4E2B-948D-F11D8774591E}.Debug|Any CPU.Build.0 = Debug|Any CPU
		{F6948D0F-8195-4E2B-948D-F11D8774591E}.Release|Any CPU.ActiveCfg = Release|Any CPU
		{F6948D0F-8195-4E2B-948D-F11D8774591E}.Release|Any CPU.Build.0 = Release|Any CPU
		{B491928F-0E85-40DC-A242-B7FABF2D7313}.Debug|Any CPU.ActiveCfg = Debug|Any CPU
		{B491928F-0E85-40DC-A242-B7FABF2D7313}.Debug|Any CPU.Build.0 = Debug|Any CPU
		{B491928F-0E85-40DC-A242-B7FABF2D7313}.Release|Any CPU.ActiveCfg = Release|Any CPU
		{B491928F-0E85-40DC-A242-B7FABF2D7313}.Release|Any CPU.Build.0 = Release|Any CPU
		{4F62D1C5-F7E6-4A04-AAF1-B1304325F7F6}.Debug|Any CPU.ActiveCfg = Debug|Any CPU
		{4F62D1C5-F7E6-4A04-AAF1-B1304325F7F6}.Debug|Any CPU.Build.0 = Debug|Any CPU
		{4F62D1C5-F7E6-4A04-AAF1-B1304325F7F6}.Release|Any CPU.ActiveCfg = Release|Any CPU
		{4F62D1C5-F7E6-4A04-AAF1-B1304325F7F6}.Release|Any CPU.Build.0 = Release|Any CPU
		{2E5AD52D-5176-4822-8D27-1E83DE504C6C}.Debug|Any CPU.ActiveCfg = Debug|Any CPU
		{2E5AD52D-5176-4822-8D27-1E83DE504C6C}.Debug|Any CPU.Build.0 = Debug|Any CPU
		{2E5AD52D-5176-4822-8D27-1E83DE504C6C}.Release|Any CPU.ActiveCfg = Release|Any CPU
		{2E5AD52D-5176-4822-8D27-1E83DE504C6C}.Release|Any CPU.Build.0 = Release|Any CPU
		{29CBDBD1-45B9-4BB2-B47B-D63536FB959E}.Debug|Any CPU.ActiveCfg = Debug|Any CPU
		{29CBDBD1-45B9-4BB2-B47B-D63536FB959E}.Debug|Any CPU.Build.0 = Debug|Any CPU
		{29CBDBD1-45B9-4BB2-B47B-D63536FB959E}.Release|Any CPU.ActiveCfg = Release|Any CPU
		{29CBDBD1-45B9-4BB2-B47B-D63536FB959E}.Release|Any CPU.Build.0 = Release|Any CPU
		{CFA6354F-8851-49E4-AB3C-7A04467C3682}.Debug|Any CPU.ActiveCfg = Debug|Any CPU
		{CFA6354F-8851-49E4-AB3C-7A04467C3682}.Debug|Any CPU.Build.0 = Debug|Any CPU
		{CFA6354F-8851-49E4-AB3C-7A04467C3682}.Release|Any CPU.ActiveCfg = Release|Any CPU
		{CFA6354F-8851-49E4-AB3C-7A04467C3682}.Release|Any CPU.Build.0 = Release|Any CPU
		{B200AD42-F897-41D1-8F16-D4C9ED2F537B}.Debug|Any CPU.ActiveCfg = Debug|Any CPU
		{B200AD42-F897-41D1-8F16-D4C9ED2F537B}.Debug|Any CPU.Build.0 = Debug|Any CPU
		{B200AD42-F897-41D1-8F16-D4C9ED2F537B}.Release|Any CPU.ActiveCfg = Release|Any CPU
		{B200AD42-F897-41D1-8F16-D4C9ED2F537B}.Release|Any CPU.Build.0 = Release|Any CPU
		{98E3B55B-4442-4BA8-A831-62F563B8134F}.Debug|Any CPU.ActiveCfg = Debug|Any CPU
		{98E3B55B-4442-4BA8-A831-62F563B8134F}.Debug|Any CPU.Build.0 = Debug|Any CPU
		{98E3B55B-4442-4BA8-A831-62F563B8134F}.Release|Any CPU.ActiveCfg = Release|Any CPU
		{98E3B55B-4442-4BA8-A831-62F563B8134F}.Release|Any CPU.Build.0 = Release|Any CPU
	EndGlobalSection
	GlobalSection(SolutionProperties) = preSolution
		HideSolutionNode = FALSE
	EndGlobalSection
	GlobalSection(NestedProjects) = preSolution
		{1CB3FB03-BB5A-47EC-9F20-9FB238D8E2E2} = {3DCEA84B-702E-445C-A5EA-E67577DD6F3A}
		{7F4DB2B1-87CA-42C7-BD3B-A70A5BF181C1} = {3DCEA84B-702E-445C-A5EA-E67577DD6F3A}
		{4F565558-2D97-4B3F-B11B-0A91FB37B6CB} = {3DCEA84B-702E-445C-A5EA-E67577DD6F3A}
		{F6948D0F-8195-4E2B-948D-F11D8774591E} = {3DCEA84B-702E-445C-A5EA-E67577DD6F3A}
		{B491928F-0E85-40DC-A242-B7FABF2D7313} = {3DCEA84B-702E-445C-A5EA-E67577DD6F3A}
		{4F62D1C5-F7E6-4A04-AAF1-B1304325F7F6} = {3DCEA84B-702E-445C-A5EA-E67577DD6F3A}
		{2E5AD52D-5176-4822-8D27-1E83DE504C6C} = {3DCEA84B-702E-445C-A5EA-E67577DD6F3A}
		{29CBDBD1-45B9-4BB2-B47B-D63536FB959E} = {3DCEA84B-702E-445C-A5EA-E67577DD6F3A}
		{CFA6354F-8851-49E4-AB3C-7A04467C3682} = {3DCEA84B-702E-445C-A5EA-E67577DD6F3A}
		{B200AD42-F897-41D1-8F16-D4C9ED2F537B} = {3DCEA84B-702E-445C-A5EA-E67577DD6F3A}
	EndGlobalSection
	GlobalSection(ExtensibilityGlobals) = postSolution
		SolutionGuid = {130836CB-BEFF-4011-B356-5BDEF2F1EA11}
	EndGlobalSection
EndGlobal
