
Microsoft Visual Studio Solution File, Format Version 12.00
# Visual Studio Version 17
VisualStudioVersion = 17.8.34330.188
MinimumVisualStudioVersion = 10.0.40219.1
Project("{9A19103F-16F7-4668-BE54-9A1E7A4F7556}") = "Exercice01", "Exercice01\Exercice01.csproj", "{1CB3FB03-BB5A-47EC-9F20-9FB238D8E2E2}"
EndProject
Project("{2150E333-8FDC-42A3-9474-1A3956D46DE8}") = "Exercices", "Exercices", "{3DCEA84B-702E-445C-A5EA-E67577DD6F3A}"
EndProject
Project("{FAE04EC0-301F-11D3-BF4B-00C04F79EFBC}") = "Exercice02", "Exercice02\Exercice02.csproj", "{7F4DB2B1-87CA-42C7-BD3B-A70A5BF181C1}"
EndProject
Project("{FAE04EC0-301F-11D3-BF4B-00C04F79EFBC}") = "Exercice03", "Exercice03\Exercice03.csproj", "{4F565558-2D97-4B3F-B11B-0A91FB37B6CB}"
EndProject
Global
	GlobalSection(SolutionConfigurationPlatforms) = preSolution
		Debug|Any CPU = Debug|Any CPU
		Release|Any CPU = Release|Any CPU
	EndGlobalSection
	GlobalSection(ProjectConfigurationPlatforms) = postSolution
		{1CB3FB03-BB5A-47EC-9F20-9FB238D8E2E2}.Debug|Any CPU.ActiveCfg = Debug|Any CPU
		{1CB3FB03-BB5A-47EC-9F20-9FB238D8E2E2}.Debug|Any CPU.Build.0 = Debug|Any CPU
		{1CB3FB03-BB5A-47EC-9F20-9FB238D8E2E2}.Release|Any CPU.ActiveCfg = Release|Any CPU
		{1CB3FB03-BB5A-47EC-9F20-9FB238D8E2E2}.Release|Any CPU.Build.0 = Release|Any CPU
		{7F4DB2B1-87CA-42C7-BD3B-A70A5BF181C1}.Debug|Any CPU.ActiveCfg = Debug|Any CPU
		{7F4DB2B1-87CA-42C7-BD3B-A70A5BF181C1}.Debug|Any CPU.Build.0 = Debug|Any CPU
		{7F4DB2B1-87CA-42C7-BD3B-A70A5BF181C1}.Release|Any CPU.ActiveCfg = Release|Any CPU
		{7F4DB2B1-87CA-42C7-BD3B-A70A5BF181C1}.Release|Any CPU.Build.0 = Release|Any CPU
		{4F565558-2D97-4B3F-B11B-0A91FB37B6CB}.Debug|Any CPU.ActiveCfg = Debug|Any CPU
		{4F565558-2D97-4B3F-B11B-0A91FB37B6CB}.Debug|Any CPU.Build.0 = Debug|Any CPU
		{4F565558-2D97-4B3F-B11B-0A91FB37B6CB}.Release|Any CPU.ActiveCfg = Release|Any CPU
		{4F565558-2D97-4B3F-B11B-0A91FB37B6CB}.Release|Any CPU.Build.0 = Release|Any CPU
	EndGlobalSection
	GlobalSection(SolutionProperties) = preSolution
		HideSolutionNode = FALSE
	EndGlobalSection
	GlobalSection(NestedProjects) = preSolution
		{1CB3FB03-BB5A-47EC-9F20-9FB238D8E2E2} = {3DCEA84B-702E-445C-A5EA-E67577DD6F3A}
		{7F4DB2B1-87CA-42C7-BD3B-A70A5BF181C1} = {3DCEA84B-702E-445C-A5EA-E67577DD6F3A}
		{4F565558-2D97-4B3F-B11B-0A91FB37B6CB} = {3DCEA84B-702E-445C-A5EA-E67577DD6F3A}
	EndGlobalSection
	GlobalSection(ExtensibilityGlobals) = postSolution
		SolutionGuid = {130836CB-BEFF-4011-B356-5BDEF2F1EA11}
	EndGlobalSection
EndGlobal
